
Microsoft Visual Studio Solution File, Format Version 12.00
# Visual Studio Version 17
VisualStudioVersion = 17.13.35818.85 d17.13
MinimumVisualStudioVersion = 10.0.40219.1
Project("{FAE04EC0-301F-11D3-BF4B-00C04F79EFBC}") = "SwaggerApiApp", "SwaggerApiApp\SwaggerApiApp.csproj", "{53D0DC99-4851-4B88-B423-CB789626275B}"
EndProject
Global
	GlobalSection(SolutionConfigurationPlatforms) = preSolution
		Debug|Any CPU = Debug|Any CPU
		Release|Any CPU = Release|Any CPU
	EndGlobalSection
	GlobalSection(ProjectConfigurationPlatforms) = postSolution
		{53D0DC99-4851-4B88-B423-CB789626275B}.Debug|Any CPU.ActiveCfg = Debug|Any CPU
		{53D0DC99-4851-4B88-B423-CB789626275B}.Debug|Any CPU.Build.0 = Debug|Any CPU
		{53D0DC99-4851-4B88-B423-CB789626275B}.Release|Any CPU.ActiveCfg = Release|Any CPU
		{53D0DC99-4851-4B88-B423-CB789626275B}.Release|Any CPU.Build.0 = Release|Any CPU
	EndGlobalSection
	GlobalSection(SolutionProperties) = preSolution
		HideSolutionNode = FALSE
	EndGlobalSection
	GlobalSection(ExtensibilityGlobals) = postSolution
		SolutionGuid = {A5A2E30A-F1DA-46AD-9962-5985A4F09C18}
	EndGlobalSection
EndGlobal
